// !$*UTF8*$!
{
	archiveVersion = 1;
	classes = {
	};
	objectVersion = 48;
	objects = {

/* Begin PBXBuildFile section */
		C50C2AD81FC5980E00D23C85 /* HttpTool.m in Sources */ = {isa = PBXBuildFile; fileRef = C54D417E1FC5953000DECD23 /* HttpTool.m */; };
		C50C2AD91FC5980E00D23C85 /* NSArray+BRAdd.m in Sources */ = {isa = PBXBuildFile; fileRef = C54D41861FC5957100DECD23 /* NSArray+BRAdd.m */; };
		C50C2ADA1FC5980E00D23C85 /* NSDictionary+BRAdd.m in Sources */ = {isa = PBXBuildFile; fileRef = C54D41881FC5957100DECD23 /* NSDictionary+BRAdd.m */; };
		C50C2ADB1FC5980E00D23C85 /* NSObject+Parse.m in Sources */ = {isa = PBXBuildFile; fileRef = C54D418A1FC5957100DECD23 /* NSObject+Parse.m */; };
		C50C2ADC1FC5980E00D23C85 /* NSString+BRAdd.m in Sources */ = {isa = PBXBuildFile; fileRef = C54D418C1FC5957100DECD23 /* NSString+BRAdd.m */; };
		C50C2ADD1FC5980E00D23C85 /* UIButton+CountDown.m in Sources */ = {isa = PBXBuildFile; fileRef = C54D418E1FC5957100DECD23 /* UIButton+CountDown.m */; };
		C50C2ADE1FC5980E00D23C85 /* UIImage+BRAdd.m in Sources */ = {isa = PBXBuildFile; fileRef = C54D41901FC5957100DECD23 /* UIImage+BRAdd.m */; };
		C50C2ADF1FC5980E00D23C85 /* UIImageView+BRAdd.m in Sources */ = {isa = PBXBuildFile; fileRef = C54D41921FC5957100DECD23 /* UIImageView+BRAdd.m */; };
		C50C2AE01FC5980E00D23C85 /* UIScrollView+Refresh.m in Sources */ = {isa = PBXBuildFile; fileRef = C54D41941FC5957100DECD23 /* UIScrollView+Refresh.m */; };
		C50C2AE11FC5980E00D23C85 /* BRUserHelper.m in Sources */ = {isa = PBXBuildFile; fileRef = C54D41971FC5957100DECD23 /* BRUserHelper.m */; };
		C50C2AE21FC5980E00D23C85 /* MBProgressHUD+BR.m in Sources */ = {isa = PBXBuildFile; fileRef = C54D419F1FC595A300DECD23 /* MBProgressHUD+BR.m */; };
		C50C2AF21FC59C7E00D23C85 /* BRHomeViewController.m in Sources */ = {isa = PBXBuildFile; fileRef = C50C2AF11FC59C7E00D23C85 /* BRHomeViewController.m */; };
		C50C2B0C1FC65EF200D23C85 /* BRInputModel.m in Sources */ = {isa = PBXBuildFile; fileRef = C50C2B0B1FC65EF200D23C85 /* BRInputModel.m */; };
		C50C2B0F1FC65F0900D23C85 /* BRResultModel.m in Sources */ = {isa = PBXBuildFile; fileRef = C50C2B0E1FC65F0900D23C85 /* BRResultModel.m */; };
		C50C2B121FC6609300D23C85 /* BRMortgageHelper.m in Sources */ = {isa = PBXBuildFile; fileRef = C50C2B111FC6609300D23C85 /* BRMortgageHelper.m */; };
		C545F6DB1FD0FDC100A271CF /* Localizable.strings in Resources */ = {isa = PBXBuildFile; fileRef = C545F6DD1FD0FDC100A271CF /* Localizable.strings */; };
		C545F6E21FD13DCD00A271CF /* InfoPlist.strings in Resources */ = {isa = PBXBuildFile; fileRef = C545F6E41FD13DCD00A271CF /* InfoPlist.strings */; };
		C545F6E91FD144BF00A271CF /* NSBundle+Language.m in Sources */ = {isa = PBXBuildFile; fileRef = C545F6E81FD144BF00A271CF /* NSBundle+Language.m */; };
		C545F6F61FD171A100A271CF /* loanTime_en.plist in Resources */ = {isa = PBXBuildFile; fileRef = C545F6F31FD171A100A271CF /* loanTime_en.plist */; };
		C545F6F71FD171A100A271CF /* loanTime_zh-Hant.plist in Resources */ = {isa = PBXBuildFile; fileRef = C545F6F41FD171A100A271CF /* loanTime_zh-Hant.plist */; };
		C545F6F81FD171A100A271CF /* loanTime_zh-Hans.plist in Resources */ = {isa = PBXBuildFile; fileRef = C545F6F51FD171A100A271CF /* loanTime_zh-Hans.plist */; };
		C545F6FF1FD1743600A271CF /* fundLoanRates_en.plist in Resources */ = {isa = PBXBuildFile; fileRef = C545F6F91FD1743500A271CF /* fundLoanRates_en.plist */; };
		C545F7001FD1743600A271CF /* fundLoanRates_zh-Hant.plist in Resources */ = {isa = PBXBuildFile; fileRef = C545F6FA1FD1743600A271CF /* fundLoanRates_zh-Hant.plist */; };
		C545F7011FD1743600A271CF /* fundLoanRates_zh-Hans.plist in Resources */ = {isa = PBXBuildFile; fileRef = C545F6FB1FD1743600A271CF /* fundLoanRates_zh-Hans.plist */; };
		C545F7021FD1743600A271CF /* loanRates_zh-Hans.plist in Resources */ = {isa = PBXBuildFile; fileRef = C545F6FC1FD1743600A271CF /* loanRates_zh-Hans.plist */; };
		C545F7031FD1743600A271CF /* loanRates_en.plist in Resources */ = {isa = PBXBuildFile; fileRef = C545F6FD1FD1743600A271CF /* loanRates_en.plist */; };
		C545F7041FD1743600A271CF /* loanRates_zh-Hant.plist in Resources */ = {isa = PBXBuildFile; fileRef = C545F6FE1FD1743600A271CF /* loanRates_zh-Hant.plist */; };
		C545F7061FD1B3C400A271CF /* percentage_zh-Hans.plist in Resources */ = {isa = PBXBuildFile; fileRef = C545F7051FD1B3C400A271CF /* percentage_zh-Hans.plist */; };
		C545F7091FD1B49800A271CF /* percentage_zh-Hant.plist in Resources */ = {isa = PBXBuildFile; fileRef = C545F7071FD1B49800A271CF /* percentage_zh-Hant.plist */; };
		C545F70A1FD1B49800A271CF /* percentage_en.plist in Resources */ = {isa = PBXBuildFile; fileRef = C545F7081FD1B49800A271CF /* percentage_en.plist */; };
		C545F71D1FD4F18100A271CF /* BRLanguageViewController.m in Sources */ = {isa = PBXBuildFile; fileRef = C545F71C1FD4F18100A271CF /* BRLanguageViewController.m */; };
		C54D41421FC5928600DECD23 /* AppDelegate.m in Sources */ = {isa = PBXBuildFile; fileRef = C54D41411FC5928600DECD23 /* AppDelegate.m */; };
		C54D41481FC5928600DECD23 /* Main.storyboard in Resources */ = {isa = PBXBuildFile; fileRef = C54D41461FC5928600DECD23 /* Main.storyboard */; };
		C54D414A1FC5928600DECD23 /* Assets.xcassets in Resources */ = {isa = PBXBuildFile; fileRef = C54D41491FC5928600DECD23 /* Assets.xcassets */; };
		C54D414D1FC5928600DECD23 /* LaunchScreen.storyboard in Resources */ = {isa = PBXBuildFile; fileRef = C54D414B1FC5928600DECD23 /* LaunchScreen.storyboard */; };
		C54D41501FC5928600DECD23 /* main.m in Sources */ = {isa = PBXBuildFile; fileRef = C54D414F1FC5928600DECD23 /* main.m */; };
		C54D415A1FC5937400DECD23 /* AppDelegate+Category.m in Sources */ = {isa = PBXBuildFile; fileRef = C54D41591FC5937400DECD23 /* AppDelegate+Category.m */; };
		C54D415D1FC593B000DECD23 /* AppDelegate+Push.m in Sources */ = {isa = PBXBuildFile; fileRef = C54D415C1FC593B000DECD23 /* AppDelegate+Push.m */; };
		C54D41641FC5948700DECD23 /* BaseHandler.m in Sources */ = {isa = PBXBuildFile; fileRef = C54D41631FC5948700DECD23 /* BaseHandler.m */; };
		C54D41671FC594B700DECD23 /* BaseViewController.m in Sources */ = {isa = PBXBuildFile; fileRef = C54D41661FC594B700DECD23 /* BaseViewController.m */; };
		C54D41761FC594DE00DECD23 /* BRLaunchingViewController.m in Sources */ = {isa = PBXBuildFile; fileRef = C54D41681FC594DC00DECD23 /* BRLaunchingViewController.m */; };
		C54D41771FC594DE00DECD23 /* BRNavigationController.m in Sources */ = {isa = PBXBuildFile; fileRef = C54D416C1FC594DC00DECD23 /* BRNavigationController.m */; };
		C54D41781FC594DE00DECD23 /* BRTabBarButton.m in Sources */ = {isa = PBXBuildFile; fileRef = C54D416D1FC594DC00DECD23 /* BRTabBarButton.m */; };
		C54D41791FC594DE00DECD23 /* BRTabBarController.m in Sources */ = {isa = PBXBuildFile; fileRef = C54D416F1FC594DD00DECD23 /* BRTabBarController.m */; };
		C54D417A1FC594DE00DECD23 /* WapWebViewController.m in Sources */ = {isa = PBXBuildFile; fileRef = C54D41731FC594DD00DECD23 /* WapWebViewController.m */; };
		C54D417B1FC594DE00DECD23 /* BRMyViewController.m in Sources */ = {isa = PBXBuildFile; fileRef = C54D41741FC594DE00DECD23 /* BRMyViewController.m */; };
		C54D417C1FC594DE00DECD23 /* BRWebViewController.m in Sources */ = {isa = PBXBuildFile; fileRef = C54D41751FC594DE00DECD23 /* BRWebViewController.m */; };
		C5C2866A1FC67A57005DE4E7 /* BRBusinessLoanViewController.m in Sources */ = {isa = PBXBuildFile; fileRef = C5C286691FC67A57005DE4E7 /* BRBusinessLoanViewController.m */; };
		C5C2866D1FC67A8C005DE4E7 /* BRFundLoanViewController.m in Sources */ = {isa = PBXBuildFile; fileRef = C5C2866C1FC67A8C005DE4E7 /* BRFundLoanViewController.m */; };
		C5C286701FC67BF1005DE4E7 /* BRCombinedLoanViewController.m in Sources */ = {isa = PBXBuildFile; fileRef = C5C2866F1FC67BF1005DE4E7 /* BRCombinedLoanViewController.m */; };
		C5C286871FC67F23005DE4E7 /* BRNewsViewController.m in Sources */ = {isa = PBXBuildFile; fileRef = C5C286761FC67E72005DE4E7 /* BRNewsViewController.m */; };
		C5C286881FC67F23005DE4E7 /* BRMineHandler.m in Sources */ = {isa = PBXBuildFile; fileRef = C5C2867A1FC67E85005DE4E7 /* BRMineHandler.m */; };
		C5C286891FC67F23005DE4E7 /* BRForgetPwdViewController.m in Sources */ = {isa = PBXBuildFile; fileRef = C5C2867E1FC67E86005DE4E7 /* BRForgetPwdViewController.m */; };
		C5C2868A1FC67F23005DE4E7 /* BRLoginViewController.m in Sources */ = {isa = PBXBuildFile; fileRef = C5C286801FC67E86005DE4E7 /* BRLoginViewController.m */; };
		C5C2868B1FC67F23005DE4E7 /* BRMineViewController.m in Sources */ = {isa = PBXBuildFile; fileRef = C5C286821FC67E86005DE4E7 /* BRMineViewController.m */; };
		C5C2868C1FC67F23005DE4E7 /* BRRegisterViewController.m in Sources */ = {isa = PBXBuildFile; fileRef = C5C286841FC67E86005DE4E7 /* BRRegisterViewController.m */; };
		C5C2868D1FC67F23005DE4E7 /* BRResetPwdViewController.m in Sources */ = {isa = PBXBuildFile; fileRef = C5C286861FC67E86005DE4E7 /* BRResetPwdViewController.m */; };
		C5C286931FC69ED1005DE4E7 /* UIView+BRAdd.m in Sources */ = {isa = PBXBuildFile; fileRef = C5C286921FC69ED1005DE4E7 /* UIView+BRAdd.m */; };
		C5C286A51FC6A6CD005DE4E7 /* BRAddressModel.m in Sources */ = {isa = PBXBuildFile; fileRef = C5C286971FC6A6AE005DE4E7 /* BRAddressModel.m */; };
		C5C286A61FC6A6CD005DE4E7 /* BRAddressPickerView.m in Sources */ = {isa = PBXBuildFile; fileRef = C5C286991FC6A6AE005DE4E7 /* BRAddressPickerView.m */; };
		C5C286A71FC6A6CD005DE4E7 /* BRBaseView.m in Sources */ = {isa = PBXBuildFile; fileRef = C5C2869D1FC6A6AE005DE4E7 /* BRBaseView.m */; };
		C5C286A81FC6A6CD005DE4E7 /* BRDatePickerView.m in Sources */ = {isa = PBXBuildFile; fileRef = C5C286A11FC6A6AE005DE4E7 /* BRDatePickerView.m */; };
		C5C286A91FC6A6CD005DE4E7 /* BRStringPickerView.m in Sources */ = {isa = PBXBuildFile; fileRef = C5C286A41FC6A6AE005DE4E7 /* BRStringPickerView.m */; };
		C5C286B41FC82513005DE4E7 /* BRCalculateResultViewController.m in Sources */ = {isa = PBXBuildFile; fileRef = C5C286B31FC82513005DE4E7 /* BRCalculateResultViewController.m */; };
		C5C287101FCAA7C3005DE4E7 /* BRCalculateResultCell.m in Sources */ = {isa = PBXBuildFile; fileRef = C5C2870F1FCAA7C3005DE4E7 /* BRCalculateResultCell.m */; };
		C5C287151FCCF2F4005DE4E7 /* BRNewsListCell.m in Sources */ = {isa = PBXBuildFile; fileRef = C5C287141FCCF2F4005DE4E7 /* BRNewsListCell.m */; };
		C5C287181FCCF33F005DE4E7 /* BRNewsListModel.m in Sources */ = {isa = PBXBuildFile; fileRef = C5C287171FCCF33F005DE4E7 /* BRNewsListModel.m */; };
		C5C2871B1FCD6221005DE4E7 /* BRNewsHandler.m in Sources */ = {isa = PBXBuildFile; fileRef = C5C2871A1FCD6221005DE4E7 /* BRNewsHandler.m */; };
		C5C287211FCD7336005DE4E7 /* NSDate+BRAdd.m in Sources */ = {isa = PBXBuildFile; fileRef = C5C287201FCD7336005DE4E7 /* NSDate+BRAdd.m */; };
		C5C287231FCE49CA005DE4E7 /* newsList.json in Resources */ = {isa = PBXBuildFile; fileRef = C5C287221FCE49CA005DE4E7 /* newsList.json */; };
		C5C287261FCE61B3005DE4E7 /* BRFeedbackViewController.m in Sources */ = {isa = PBXBuildFile; fileRef = C5C287251FCE61B3005DE4E7 /* BRFeedbackViewController.m */; };
		C5C287291FCE621E005DE4E7 /* BRTextView.m in Sources */ = {isa = PBXBuildFile; fileRef = C5C287281FCE621E005DE4E7 /* BRTextView.m */; };
		C5C2872C1FCE634C005DE4E7 /* BRAboutUsViewController.m in Sources */ = {isa = PBXBuildFile; fileRef = C5C2872B1FCE634C005DE4E7 /* BRAboutUsViewController.m */; };
		E2BC6EBA81495840BB780812 /* libPods-MortgageCalculator.a in Frameworks */ = {isa = PBXBuildFile; fileRef = 052B658DF9A1BB2760BC0954 /* libPods-MortgageCalculator.a */; };
/* End PBXBuildFile section */

/* Begin PBXFileReference section */
		052B658DF9A1BB2760BC0954 /* libPods-MortgageCalculator.a */ = {isa = PBXFileReference; explicitFileType = archive.ar; includeInIndex = 0; path = "libPods-MortgageCalculator.a"; sourceTree = BUILT_PRODUCTS_DIR; };
		A5385C71D36DD70022BD1294 /* Pods-MortgageCalculator.debug.xcconfig */ = {isa = PBXFileReference; includeInIndex = 1; lastKnownFileType = text.xcconfig; name = "Pods-MortgageCalculator.debug.xcconfig"; path = "Pods/Target Support Files/Pods-MortgageCalculator/Pods-MortgageCalculator.debug.xcconfig"; sourceTree = "<group>"; };
		C50C2AF01FC59C7E00D23C85 /* BRHomeViewController.h */ = {isa = PBXFileReference; lastKnownFileType = sourcecode.c.h; path = BRHomeViewController.h; sourceTree = "<group>"; };
		C50C2AF11FC59C7E00D23C85 /* BRHomeViewController.m */ = {isa = PBXFileReference; lastKnownFileType = sourcecode.c.objc; path = BRHomeViewController.m; sourceTree = "<group>"; };
		C50C2B081FC5A2D100D23C85 /* Singleton.h */ = {isa = PBXFileReference; lastKnownFileType = sourcecode.c.h; path = Singleton.h; sourceTree = "<group>"; };
		C50C2B0A1FC65EF200D23C85 /* BRInputModel.h */ = {isa = PBXFileReference; lastKnownFileType = sourcecode.c.h; path = BRInputModel.h; sourceTree = "<group>"; };
		C50C2B0B1FC65EF200D23C85 /* BRInputModel.m */ = {isa = PBXFileReference; lastKnownFileType = sourcecode.c.objc; path = BRInputModel.m; sourceTree = "<group>"; };
		C50C2B0D1FC65F0900D23C85 /* BRResultModel.h */ = {isa = PBXFileReference; lastKnownFileType = sourcecode.c.h; path = BRResultModel.h; sourceTree = "<group>"; };
		C50C2B0E1FC65F0900D23C85 /* BRResultModel.m */ = {isa = PBXFileReference; lastKnownFileType = sourcecode.c.objc; path = BRResultModel.m; sourceTree = "<group>"; };
		C50C2B101FC6609300D23C85 /* BRMortgageHelper.h */ = {isa = PBXFileReference; lastKnownFileType = sourcecode.c.h; path = BRMortgageHelper.h; sourceTree = "<group>"; };
		C50C2B111FC6609300D23C85 /* BRMortgageHelper.m */ = {isa = PBXFileReference; lastKnownFileType = sourcecode.c.objc; path = BRMortgageHelper.m; sourceTree = "<group>"; };
		C52F817D1FCFFF47002D9ED3 /* zh-Hans */ = {isa = PBXFileReference; lastKnownFileType = text.plist.strings; name = "zh-Hans"; path = "zh-Hans.lproj/Main.strings"; sourceTree = "<group>"; };
		C52F817E1FCFFF47002D9ED3 /* zh-Hans */ = {isa = PBXFileReference; lastKnownFileType = text.plist.strings; name = "zh-Hans"; path = "zh-Hans.lproj/LaunchScreen.strings"; sourceTree = "<group>"; };
		C52F817F1FCFFF69002D9ED3 /* ja */ = {isa = PBXFileReference; lastKnownFileType = text.plist.strings; name = ja; path = ja.lproj/Main.strings; sourceTree = "<group>"; };
		C52F81801FCFFF6A002D9ED3 /* ja */ = {isa = PBXFileReference; lastKnownFileType = text.plist.strings; name = ja; path = ja.lproj/LaunchScreen.strings; sourceTree = "<group>"; };
		C52F81811FCFFF89002D9ED3 /* ko */ = {isa = PBXFileReference; lastKnownFileType = text.plist.strings; name = ko; path = ko.lproj/Main.strings; sourceTree = "<group>"; };
		C52F81821FCFFF89002D9ED3 /* ko */ = {isa = PBXFileReference; lastKnownFileType = text.plist.strings; name = ko; path = ko.lproj/LaunchScreen.strings; sourceTree = "<group>"; };
		C52F81831FD00768002D9ED3 /* zh-Hant */ = {isa = PBXFileReference; lastKnownFileType = text.plist.strings; name = "zh-Hant"; path = "zh-Hant.lproj/Main.strings"; sourceTree = "<group>"; };
		C52F81841FD00768002D9ED3 /* zh-Hant */ = {isa = PBXFileReference; lastKnownFileType = text.plist.strings; name = "zh-Hant"; path = "zh-Hant.lproj/LaunchScreen.strings"; sourceTree = "<group>"; };
		C545F6DC1FD0FDC100A271CF /* en */ = {isa = PBXFileReference; lastKnownFileType = text.plist.strings; name = en; path = en.lproj/Localizable.strings; sourceTree = "<group>"; };
		C545F6DE1FD0FDC900A271CF /* zh-Hans */ = {isa = PBXFileReference; lastKnownFileType = text.plist.strings; name = "zh-Hans"; path = "zh-Hans.lproj/Localizable.strings"; sourceTree = "<group>"; };
		C545F6DF1FD0FDCC00A271CF /* zh-Hant */ = {isa = PBXFileReference; lastKnownFileType = text.plist.strings; name = "zh-Hant"; path = "zh-Hant.lproj/Localizable.strings"; sourceTree = "<group>"; };
		C545F6E31FD13DCD00A271CF /* en */ = {isa = PBXFileReference; lastKnownFileType = text.plist.strings; name = en; path = en.lproj/InfoPlist.strings; sourceTree = "<group>"; };
		C545F6E51FD13DD300A271CF /* zh-Hans */ = {isa = PBXFileReference; lastKnownFileType = text.plist.strings; name = "zh-Hans"; path = "zh-Hans.lproj/InfoPlist.strings"; sourceTree = "<group>"; };
		C545F6E61FD13DD700A271CF /* zh-Hant */ = {isa = PBXFileReference; lastKnownFileType = text.plist.strings; name = "zh-Hant"; path = "zh-Hant.lproj/InfoPlist.strings"; sourceTree = "<group>"; };
		C545F6E71FD144BF00A271CF /* NSBundle+Language.h */ = {isa = PBXFileReference; lastKnownFileType = sourcecode.c.h; path = "NSBundle+Language.h"; sourceTree = "<group>"; };
		C545F6E81FD144BF00A271CF /* NSBundle+Language.m */ = {isa = PBXFileReference; lastKnownFileType = sourcecode.c.objc; path = "NSBundle+Language.m"; sourceTree = "<group>"; };
		C545F6F31FD171A100A271CF /* loanTime_en.plist */ = {isa = PBXFileReference; fileEncoding = 4; lastKnownFileType = text.plist.xml; path = loanTime_en.plist; sourceTree = "<group>"; };
		C545F6F41FD171A100A271CF /* loanTime_zh-Hant.plist */ = {isa = PBXFileReference; fileEncoding = 4; lastKnownFileType = text.plist.xml; path = "loanTime_zh-Hant.plist"; sourceTree = "<group>"; };
		C545F6F51FD171A100A271CF /* loanTime_zh-Hans.plist */ = {isa = PBXFileReference; fileEncoding = 4; lastKnownFileType = text.plist.xml; path = "loanTime_zh-Hans.plist"; sourceTree = "<group>"; };
		C545F6F91FD1743500A271CF /* fundLoanRates_en.plist */ = {isa = PBXFileReference; fileEncoding = 4; lastKnownFileType = text.plist.xml; path = fundLoanRates_en.plist; sourceTree = "<group>"; };
		C545F6FA1FD1743600A271CF /* fundLoanRates_zh-Hant.plist */ = {isa = PBXFileReference; fileEncoding = 4; lastKnownFileType = text.plist.xml; path = "fundLoanRates_zh-Hant.plist"; sourceTree = "<group>"; };
		C545F6FB1FD1743600A271CF /* fundLoanRates_zh-Hans.plist */ = {isa = PBXFileReference; fileEncoding = 4; lastKnownFileType = text.plist.xml; path = "fundLoanRates_zh-Hans.plist"; sourceTree = "<group>"; };
		C545F6FC1FD1743600A271CF /* loanRates_zh-Hans.plist */ = {isa = PBXFileReference; fileEncoding = 4; lastKnownFileType = text.plist.xml; path = "loanRates_zh-Hans.plist"; sourceTree = "<group>"; };
		C545F6FD1FD1743600A271CF /* loanRates_en.plist */ = {isa = PBXFileReference; fileEncoding = 4; lastKnownFileType = text.plist.xml; path = loanRates_en.plist; sourceTree = "<group>"; };
		C545F6FE1FD1743600A271CF /* loanRates_zh-Hant.plist */ = {isa = PBXFileReference; fileEncoding = 4; lastKnownFileType = text.plist.xml; path = "loanRates_zh-Hant.plist"; sourceTree = "<group>"; };
		C545F7051FD1B3C400A271CF /* percentage_zh-Hans.plist */ = {isa = PBXFileReference; lastKnownFileType = text.plist.xml; path = "percentage_zh-Hans.plist"; sourceTree = "<group>"; };
		C545F7071FD1B49800A271CF /* percentage_zh-Hant.plist */ = {isa = PBXFileReference; fileEncoding = 4; lastKnownFileType = text.plist.xml; path = "percentage_zh-Hant.plist"; sourceTree = "<group>"; };
		C545F7081FD1B49800A271CF /* percentage_en.plist */ = {isa = PBXFileReference; fileEncoding = 4; lastKnownFileType = text.plist.xml; path = percentage_en.plist; sourceTree = "<group>"; };
		C545F70B1FD4DA9200A271CF /* ja */ = {isa = PBXFileReference; lastKnownFileType = text.plist.strings; name = ja; path = ja.lproj/InfoPlist.strings; sourceTree = "<group>"; };
		C545F70C1FD4DA9400A271CF /* ko */ = {isa = PBXFileReference; lastKnownFileType = text.plist.strings; name = ko; path = ko.lproj/InfoPlist.strings; sourceTree = "<group>"; };
		C545F70D1FD4DD3B00A271CF /* fr */ = {isa = PBXFileReference; lastKnownFileType = text.plist.strings; name = fr; path = fr.lproj/Main.strings; sourceTree = "<group>"; };
		C545F70E1FD4DD3B00A271CF /* fr */ = {isa = PBXFileReference; lastKnownFileType = text.plist.strings; name = fr; path = fr.lproj/LaunchScreen.strings; sourceTree = "<group>"; };
		C545F70F1FD4DD3C00A271CF /* fr */ = {isa = PBXFileReference; lastKnownFileType = text.plist.strings; name = fr; path = fr.lproj/InfoPlist.strings; sourceTree = "<group>"; };
		C545F7101FD4DD3C00A271CF /* fr */ = {isa = PBXFileReference; lastKnownFileType = text.plist.strings; name = fr; path = fr.lproj/Localizable.strings; sourceTree = "<group>"; };
		C545F7111FD4DD7300A271CF /* ru */ = {isa = PBXFileReference; lastKnownFileType = text.plist.strings; name = ru; path = ru.lproj/Main.strings; sourceTree = "<group>"; };
		C545F7121FD4DD7300A271CF /* ru */ = {isa = PBXFileReference; lastKnownFileType = text.plist.strings; name = ru; path = ru.lproj/LaunchScreen.strings; sourceTree = "<group>"; };
		C545F7131FD4DD7300A271CF /* ru */ = {isa = PBXFileReference; lastKnownFileType = text.plist.strings; name = ru; path = ru.lproj/InfoPlist.strings; sourceTree = "<group>"; };
		C545F7141FD4DD7300A271CF /* ru */ = {isa = PBXFileReference; lastKnownFileType = text.plist.strings; name = ru; path = ru.lproj/Localizable.strings; sourceTree = "<group>"; };
		C545F7151FD4DD9700A271CF /* es */ = {isa = PBXFileReference; lastKnownFileType = text.plist.strings; name = es; path = es.lproj/Main.strings; sourceTree = "<group>"; };
		C545F7161FD4DD9700A271CF /* es */ = {isa = PBXFileReference; lastKnownFileType = text.plist.strings; name = es; path = es.lproj/LaunchScreen.strings; sourceTree = "<group>"; };
		C545F7171FD4DD9700A271CF /* es */ = {isa = PBXFileReference; lastKnownFileType = text.plist.strings; name = es; path = es.lproj/InfoPlist.strings; sourceTree = "<group>"; };
		C545F7181FD4DD9700A271CF /* es */ = {isa = PBXFileReference; lastKnownFileType = text.plist.strings; name = es; path = es.lproj/Localizable.strings; sourceTree = "<group>"; };
		C545F7191FD4DDDA00A271CF /* ja */ = {isa = PBXFileReference; lastKnownFileType = text.plist.strings; name = ja; path = ja.lproj/Localizable.strings; sourceTree = "<group>"; };
		C545F71A1FD4DDDC00A271CF /* ko */ = {isa = PBXFileReference; lastKnownFileType = text.plist.strings; name = ko; path = ko.lproj/Localizable.strings; sourceTree = "<group>"; };
		C545F71B1FD4F18100A271CF /* BRLanguageViewController.h */ = {isa = PBXFileReference; lastKnownFileType = sourcecode.c.h; path = BRLanguageViewController.h; sourceTree = "<group>"; };
		C545F71C1FD4F18100A271CF /* BRLanguageViewController.m */ = {isa = PBXFileReference; lastKnownFileType = sourcecode.c.objc; path = BRLanguageViewController.m; sourceTree = "<group>"; };
		C545F71E1FD58A6D00A271CF /* MortgageCalculator.entitlements */ = {isa = PBXFileReference; lastKnownFileType = text.plist.entitlements; path = MortgageCalculator.entitlements; sourceTree = "<group>"; };
		C54D413D1FC5928600DECD23 /* MortgageCalculator.app */ = {isa = PBXFileReference; explicitFileType = wrapper.application; includeInIndex = 0; path = MortgageCalculator.app; sourceTree = BUILT_PRODUCTS_DIR; };
		C54D41401FC5928600DECD23 /* AppDelegate.h */ = {isa = PBXFileReference; lastKnownFileType = sourcecode.c.h; path = AppDelegate.h; sourceTree = "<group>"; };
		C54D41411FC5928600DECD23 /* AppDelegate.m */ = {isa = PBXFileReference; lastKnownFileType = sourcecode.c.objc; path = AppDelegate.m; sourceTree = "<group>"; };
		C54D41471FC5928600DECD23 /* Base */ = {isa = PBXFileReference; lastKnownFileType = file.storyboard; name = Base; path = Base.lproj/Main.storyboard; sourceTree = "<group>"; };
		C54D41491FC5928600DECD23 /* Assets.xcassets */ = {isa = PBXFileReference; lastKnownFileType = folder.assetcatalog; path = Assets.xcassets; sourceTree = "<group>"; };
		C54D414C1FC5928600DECD23 /* Base */ = {isa = PBXFileReference; lastKnownFileType = file.storyboard; name = Base; path = Base.lproj/LaunchScreen.storyboard; sourceTree = "<group>"; };
		C54D414E1FC5928600DECD23 /* Info.plist */ = {isa = PBXFileReference; lastKnownFileType = text.plist.xml; path = Info.plist; sourceTree = "<group>"; };
		C54D414F1FC5928600DECD23 /* main.m */ = {isa = PBXFileReference; lastKnownFileType = sourcecode.c.objc; path = main.m; sourceTree = "<group>"; };
		C54D41581FC5937400DECD23 /* AppDelegate+Category.h */ = {isa = PBXFileReference; lastKnownFileType = sourcecode.c.h; path = "AppDelegate+Category.h"; sourceTree = "<group>"; };
		C54D41591FC5937400DECD23 /* AppDelegate+Category.m */ = {isa = PBXFileReference; lastKnownFileType = sourcecode.c.objc; path = "AppDelegate+Category.m"; sourceTree = "<group>"; };
		C54D415B1FC593B000DECD23 /* AppDelegate+Push.h */ = {isa = PBXFileReference; lastKnownFileType = sourcecode.c.h; path = "AppDelegate+Push.h"; sourceTree = "<group>"; };
		C54D415C1FC593B000DECD23 /* AppDelegate+Push.m */ = {isa = PBXFileReference; lastKnownFileType = sourcecode.c.objc; path = "AppDelegate+Push.m"; sourceTree = "<group>"; };
		C54D415F1FC5940300DECD23 /* Macros.h */ = {isa = PBXFileReference; lastKnownFileType = sourcecode.c.h; path = Macros.h; sourceTree = "<group>"; };
		C54D41601FC5943200DECD23 /* APIConfig.h */ = {isa = PBXFileReference; lastKnownFileType = sourcecode.c.h; path = APIConfig.h; sourceTree = "<group>"; };
		C54D41621FC5948700DECD23 /* BaseHandler.h */ = {isa = PBXFileReference; lastKnownFileType = sourcecode.c.h; path = BaseHandler.h; sourceTree = "<group>"; };
		C54D41631FC5948700DECD23 /* BaseHandler.m */ = {isa = PBXFileReference; lastKnownFileType = sourcecode.c.objc; path = BaseHandler.m; sourceTree = "<group>"; };
		C54D41651FC594B700DECD23 /* BaseViewController.h */ = {isa = PBXFileReference; lastKnownFileType = sourcecode.c.h; path = BaseViewController.h; sourceTree = "<group>"; };
		C54D41661FC594B700DECD23 /* BaseViewController.m */ = {isa = PBXFileReference; lastKnownFileType = sourcecode.c.objc; path = BaseViewController.m; sourceTree = "<group>"; };
		C54D41681FC594DC00DECD23 /* BRLaunchingViewController.m */ = {isa = PBXFileReference; lastKnownFileType = sourcecode.c.objc; path = BRLaunchingViewController.m; sourceTree = "<group>"; };
		C54D41691FC594DC00DECD23 /* BRTabBarButton.h */ = {isa = PBXFileReference; lastKnownFileType = sourcecode.c.h; path = BRTabBarButton.h; sourceTree = "<group>"; };
		C54D416A1FC594DC00DECD23 /* BRNavigationController.h */ = {isa = PBXFileReference; lastKnownFileType = sourcecode.c.h; path = BRNavigationController.h; sourceTree = "<group>"; };
		C54D416B1FC594DC00DECD23 /* WapWebViewController.h */ = {isa = PBXFileReference; lastKnownFileType = sourcecode.c.h; path = WapWebViewController.h; sourceTree = "<group>"; };
		C54D416C1FC594DC00DECD23 /* BRNavigationController.m */ = {isa = PBXFileReference; lastKnownFileType = sourcecode.c.objc; path = BRNavigationController.m; sourceTree = "<group>"; };
		C54D416D1FC594DC00DECD23 /* BRTabBarButton.m */ = {isa = PBXFileReference; lastKnownFileType = sourcecode.c.objc; path = BRTabBarButton.m; sourceTree = "<group>"; };
		C54D416E1FC594DD00DECD23 /* BRLaunchingViewController.h */ = {isa = PBXFileReference; lastKnownFileType = sourcecode.c.h; path = BRLaunchingViewController.h; sourceTree = "<group>"; };
		C54D416F1FC594DD00DECD23 /* BRTabBarController.m */ = {isa = PBXFileReference; lastKnownFileType = sourcecode.c.objc; path = BRTabBarController.m; sourceTree = "<group>"; };
		C54D41701FC594DD00DECD23 /* BRTabBarController.h */ = {isa = PBXFileReference; lastKnownFileType = sourcecode.c.h; path = BRTabBarController.h; sourceTree = "<group>"; };
		C54D41711FC594DD00DECD23 /* BRMyViewController.h */ = {isa = PBXFileReference; lastKnownFileType = sourcecode.c.h; path = BRMyViewController.h; sourceTree = "<group>"; };
		C54D41721FC594DD00DECD23 /* BRWebViewController.h */ = {isa = PBXFileReference; lastKnownFileType = sourcecode.c.h; path = BRWebViewController.h; sourceTree = "<group>"; };
		C54D41731FC594DD00DECD23 /* WapWebViewController.m */ = {isa = PBXFileReference; lastKnownFileType = sourcecode.c.objc; path = WapWebViewController.m; sourceTree = "<group>"; };
		C54D41741FC594DE00DECD23 /* BRMyViewController.m */ = {isa = PBXFileReference; lastKnownFileType = sourcecode.c.objc; path = BRMyViewController.m; sourceTree = "<group>"; };
		C54D41751FC594DE00DECD23 /* BRWebViewController.m */ = {isa = PBXFileReference; lastKnownFileType = sourcecode.c.objc; path = BRWebViewController.m; sourceTree = "<group>"; };
		C54D417E1FC5953000DECD23 /* HttpTool.m */ = {isa = PBXFileReference; lastKnownFileType = sourcecode.c.objc; path = HttpTool.m; sourceTree = "<group>"; };
		C54D417F1FC5953000DECD23 /* HttpTool.h */ = {isa = PBXFileReference; lastKnownFileType = sourcecode.c.h; path = HttpTool.h; sourceTree = "<group>"; };
		C54D41851FC5957100DECD23 /* NSArray+BRAdd.h */ = {isa = PBXFileReference; lastKnownFileType = sourcecode.c.h; path = "NSArray+BRAdd.h"; sourceTree = "<group>"; };
		C54D41861FC5957100DECD23 /* NSArray+BRAdd.m */ = {isa = PBXFileReference; lastKnownFileType = sourcecode.c.objc; path = "NSArray+BRAdd.m"; sourceTree = "<group>"; };
		C54D41871FC5957100DECD23 /* NSDictionary+BRAdd.h */ = {isa = PBXFileReference; lastKnownFileType = sourcecode.c.h; path = "NSDictionary+BRAdd.h"; sourceTree = "<group>"; };
		C54D41881FC5957100DECD23 /* NSDictionary+BRAdd.m */ = {isa = PBXFileReference; lastKnownFileType = sourcecode.c.objc; path = "NSDictionary+BRAdd.m"; sourceTree = "<group>"; };
		C54D41891FC5957100DECD23 /* NSObject+Parse.h */ = {isa = PBXFileReference; lastKnownFileType = sourcecode.c.h; path = "NSObject+Parse.h"; sourceTree = "<group>"; };
		C54D418A1FC5957100DECD23 /* NSObject+Parse.m */ = {isa = PBXFileReference; lastKnownFileType = sourcecode.c.objc; path = "NSObject+Parse.m"; sourceTree = "<group>"; };
		C54D418B1FC5957100DECD23 /* NSString+BRAdd.h */ = {isa = PBXFileReference; lastKnownFileType = sourcecode.c.h; path = "NSString+BRAdd.h"; sourceTree = "<group>"; };
		C54D418C1FC5957100DECD23 /* NSString+BRAdd.m */ = {isa = PBXFileReference; lastKnownFileType = sourcecode.c.objc; path = "NSString+BRAdd.m"; sourceTree = "<group>"; };
		C54D418D1FC5957100DECD23 /* UIButton+CountDown.h */ = {isa = PBXFileReference; lastKnownFileType = sourcecode.c.h; path = "UIButton+CountDown.h"; sourceTree = "<group>"; };
		C54D418E1FC5957100DECD23 /* UIButton+CountDown.m */ = {isa = PBXFileReference; lastKnownFileType = sourcecode.c.objc; path = "UIButton+CountDown.m"; sourceTree = "<group>"; };
		C54D418F1FC5957100DECD23 /* UIImage+BRAdd.h */ = {isa = PBXFileReference; lastKnownFileType = sourcecode.c.h; path = "UIImage+BRAdd.h"; sourceTree = "<group>"; };
		C54D41901FC5957100DECD23 /* UIImage+BRAdd.m */ = {isa = PBXFileReference; lastKnownFileType = sourcecode.c.objc; path = "UIImage+BRAdd.m"; sourceTree = "<group>"; };
		C54D41911FC5957100DECD23 /* UIImageView+BRAdd.h */ = {isa = PBXFileReference; lastKnownFileType = sourcecode.c.h; path = "UIImageView+BRAdd.h"; sourceTree = "<group>"; };
		C54D41921FC5957100DECD23 /* UIImageView+BRAdd.m */ = {isa = PBXFileReference; lastKnownFileType = sourcecode.c.objc; path = "UIImageView+BRAdd.m"; sourceTree = "<group>"; };
		C54D41931FC5957100DECD23 /* UIScrollView+Refresh.h */ = {isa = PBXFileReference; lastKnownFileType = sourcecode.c.h; path = "UIScrollView+Refresh.h"; sourceTree = "<group>"; };
		C54D41941FC5957100DECD23 /* UIScrollView+Refresh.m */ = {isa = PBXFileReference; lastKnownFileType = sourcecode.c.objc; path = "UIScrollView+Refresh.m"; sourceTree = "<group>"; };
		C54D41961FC5957100DECD23 /* BRUserHelper.h */ = {isa = PBXFileReference; lastKnownFileType = sourcecode.c.h; path = BRUserHelper.h; sourceTree = "<group>"; };
		C54D41971FC5957100DECD23 /* BRUserHelper.m */ = {isa = PBXFileReference; lastKnownFileType = sourcecode.c.objc; path = BRUserHelper.m; sourceTree = "<group>"; };
		C54D419D1FC595A300DECD23 /* MBProgressHUD+BR.bundle */ = {isa = PBXFileReference; lastKnownFileType = "wrapper.plug-in"; path = "MBProgressHUD+BR.bundle"; sourceTree = "<group>"; };
		C54D419E1FC595A300DECD23 /* MBProgressHUD+BR.h */ = {isa = PBXFileReference; lastKnownFileType = sourcecode.c.h; path = "MBProgressHUD+BR.h"; sourceTree = "<group>"; };
		C54D419F1FC595A300DECD23 /* MBProgressHUD+BR.m */ = {isa = PBXFileReference; lastKnownFileType = sourcecode.c.objc; path = "MBProgressHUD+BR.m"; sourceTree = "<group>"; };
		C54D41A11FC595E100DECD23 /* PrefixHeader.pch */ = {isa = PBXFileReference; lastKnownFileType = sourcecode.c.h; path = PrefixHeader.pch; sourceTree = "<group>"; };
		C5C286681FC67A57005DE4E7 /* BRBusinessLoanViewController.h */ = {isa = PBXFileReference; lastKnownFileType = sourcecode.c.h; path = BRBusinessLoanViewController.h; sourceTree = "<group>"; };
		C5C286691FC67A57005DE4E7 /* BRBusinessLoanViewController.m */ = {isa = PBXFileReference; lastKnownFileType = sourcecode.c.objc; path = BRBusinessLoanViewController.m; sourceTree = "<group>"; };
		C5C2866B1FC67A8C005DE4E7 /* BRFundLoanViewController.h */ = {isa = PBXFileReference; lastKnownFileType = sourcecode.c.h; path = BRFundLoanViewController.h; sourceTree = "<group>"; };
		C5C2866C1FC67A8C005DE4E7 /* BRFundLoanViewController.m */ = {isa = PBXFileReference; lastKnownFileType = sourcecode.c.objc; path = BRFundLoanViewController.m; sourceTree = "<group>"; };
		C5C2866E1FC67BF1005DE4E7 /* BRCombinedLoanViewController.h */ = {isa = PBXFileReference; lastKnownFileType = sourcecode.c.h; path = BRCombinedLoanViewController.h; sourceTree = "<group>"; };
		C5C2866F1FC67BF1005DE4E7 /* BRCombinedLoanViewController.m */ = {isa = PBXFileReference; lastKnownFileType = sourcecode.c.objc; path = BRCombinedLoanViewController.m; sourceTree = "<group>"; };
		C5C286751FC67E72005DE4E7 /* BRNewsViewController.h */ = {isa = PBXFileReference; lastKnownFileType = sourcecode.c.h; path = BRNewsViewController.h; sourceTree = "<group>"; };
		C5C286761FC67E72005DE4E7 /* BRNewsViewController.m */ = {isa = PBXFileReference; lastKnownFileType = sourcecode.c.objc; path = BRNewsViewController.m; sourceTree = "<group>"; };
		C5C286791FC67E85005DE4E7 /* BRMineHandler.h */ = {isa = PBXFileReference; lastKnownFileType = sourcecode.c.h; path = BRMineHandler.h; sourceTree = "<group>"; };
		C5C2867A1FC67E85005DE4E7 /* BRMineHandler.m */ = {isa = PBXFileReference; lastKnownFileType = sourcecode.c.objc; path = BRMineHandler.m; sourceTree = "<group>"; };
		C5C2867D1FC67E86005DE4E7 /* BRForgetPwdViewController.h */ = {isa = PBXFileReference; lastKnownFileType = sourcecode.c.h; path = BRForgetPwdViewController.h; sourceTree = "<group>"; };
		C5C2867E1FC67E86005DE4E7 /* BRForgetPwdViewController.m */ = {isa = PBXFileReference; lastKnownFileType = sourcecode.c.objc; path = BRForgetPwdViewController.m; sourceTree = "<group>"; };
		C5C2867F1FC67E86005DE4E7 /* BRLoginViewController.h */ = {isa = PBXFileReference; lastKnownFileType = sourcecode.c.h; path = BRLoginViewController.h; sourceTree = "<group>"; };
		C5C286801FC67E86005DE4E7 /* BRLoginViewController.m */ = {isa = PBXFileReference; lastKnownFileType = sourcecode.c.objc; path = BRLoginViewController.m; sourceTree = "<group>"; };
		C5C286811FC67E86005DE4E7 /* BRMineViewController.h */ = {isa = PBXFileReference; lastKnownFileType = sourcecode.c.h; path = BRMineViewController.h; sourceTree = "<group>"; };
		C5C286821FC67E86005DE4E7 /* BRMineViewController.m */ = {isa = PBXFileReference; lastKnownFileType = sourcecode.c.objc; path = BRMineViewController.m; sourceTree = "<group>"; };
		C5C286831FC67E86005DE4E7 /* BRRegisterViewController.h */ = {isa = PBXFileReference; lastKnownFileType = sourcecode.c.h; path = BRRegisterViewController.h; sourceTree = "<group>"; };
		C5C286841FC67E86005DE4E7 /* BRRegisterViewController.m */ = {isa = PBXFileReference; lastKnownFileType = sourcecode.c.objc; path = BRRegisterViewController.m; sourceTree = "<group>"; };
		C5C286851FC67E86005DE4E7 /* BRResetPwdViewController.h */ = {isa = PBXFileReference; lastKnownFileType = sourcecode.c.h; path = BRResetPwdViewController.h; sourceTree = "<group>"; };
		C5C286861FC67E86005DE4E7 /* BRResetPwdViewController.m */ = {isa = PBXFileReference; lastKnownFileType = sourcecode.c.objc; path = BRResetPwdViewController.m; sourceTree = "<group>"; };
		C5C286911FC69ED1005DE4E7 /* UIView+BRAdd.h */ = {isa = PBXFileReference; lastKnownFileType = sourcecode.c.h; path = "UIView+BRAdd.h"; sourceTree = "<group>"; };
		C5C286921FC69ED1005DE4E7 /* UIView+BRAdd.m */ = {isa = PBXFileReference; lastKnownFileType = sourcecode.c.objc; path = "UIView+BRAdd.m"; sourceTree = "<group>"; };
		C5C286961FC6A6AE005DE4E7 /* BRAddressModel.h */ = {isa = PBXFileReference; lastKnownFileType = sourcecode.c.h; path = BRAddressModel.h; sourceTree = "<group>"; };
		C5C286971FC6A6AE005DE4E7 /* BRAddressModel.m */ = {isa = PBXFileReference; lastKnownFileType = sourcecode.c.objc; path = BRAddressModel.m; sourceTree = "<group>"; };
		C5C286981FC6A6AE005DE4E7 /* BRAddressPickerView.h */ = {isa = PBXFileReference; lastKnownFileType = sourcecode.c.h; path = BRAddressPickerView.h; sourceTree = "<group>"; };
		C5C286991FC6A6AE005DE4E7 /* BRAddressPickerView.m */ = {isa = PBXFileReference; lastKnownFileType = sourcecode.c.objc; path = BRAddressPickerView.m; sourceTree = "<group>"; };
		C5C2869A1FC6A6AE005DE4E7 /* BRCity.plist */ = {isa = PBXFileReference; lastKnownFileType = text.plist.xml; path = BRCity.plist; sourceTree = "<group>"; };
		C5C2869C1FC6A6AE005DE4E7 /* BRBaseView.h */ = {isa = PBXFileReference; lastKnownFileType = sourcecode.c.h; path = BRBaseView.h; sourceTree = "<group>"; };
		C5C2869D1FC6A6AE005DE4E7 /* BRBaseView.m */ = {isa = PBXFileReference; lastKnownFileType = sourcecode.c.objc; path = BRBaseView.m; sourceTree = "<group>"; };
		C5C2869E1FC6A6AE005DE4E7 /* BRPickerView.h */ = {isa = PBXFileReference; lastKnownFileType = sourcecode.c.h; path = BRPickerView.h; sourceTree = "<group>"; };
		C5C286A01FC6A6AE005DE4E7 /* BRDatePickerView.h */ = {isa = PBXFileReference; lastKnownFileType = sourcecode.c.h; path = BRDatePickerView.h; sourceTree = "<group>"; };
		C5C286A11FC6A6AE005DE4E7 /* BRDatePickerView.m */ = {isa = PBXFileReference; lastKnownFileType = sourcecode.c.objc; path = BRDatePickerView.m; sourceTree = "<group>"; };
		C5C286A31FC6A6AE005DE4E7 /* BRStringPickerView.h */ = {isa = PBXFileReference; lastKnownFileType = sourcecode.c.h; path = BRStringPickerView.h; sourceTree = "<group>"; };
		C5C286A41FC6A6AE005DE4E7 /* BRStringPickerView.m */ = {isa = PBXFileReference; lastKnownFileType = sourcecode.c.objc; path = BRStringPickerView.m; sourceTree = "<group>"; };
		C5C286B21FC82513005DE4E7 /* BRCalculateResultViewController.h */ = {isa = PBXFileReference; lastKnownFileType = sourcecode.c.h; path = BRCalculateResultViewController.h; sourceTree = "<group>"; };
		C5C286B31FC82513005DE4E7 /* BRCalculateResultViewController.m */ = {isa = PBXFileReference; lastKnownFileType = sourcecode.c.objc; path = BRCalculateResultViewController.m; sourceTree = "<group>"; };
		C5C2870E1FCAA7C3005DE4E7 /* BRCalculateResultCell.h */ = {isa = PBXFileReference; lastKnownFileType = sourcecode.c.h; path = BRCalculateResultCell.h; sourceTree = "<group>"; };
		C5C2870F1FCAA7C3005DE4E7 /* BRCalculateResultCell.m */ = {isa = PBXFileReference; lastKnownFileType = sourcecode.c.objc; path = BRCalculateResultCell.m; sourceTree = "<group>"; };
		C5C287131FCCF2F4005DE4E7 /* BRNewsListCell.h */ = {isa = PBXFileReference; lastKnownFileType = sourcecode.c.h; path = BRNewsListCell.h; sourceTree = "<group>"; };
		C5C287141FCCF2F4005DE4E7 /* BRNewsListCell.m */ = {isa = PBXFileReference; lastKnownFileType = sourcecode.c.objc; path = BRNewsListCell.m; sourceTree = "<group>"; };
		C5C287161FCCF33F005DE4E7 /* BRNewsListModel.h */ = {isa = PBXFileReference; lastKnownFileType = sourcecode.c.h; path = BRNewsListModel.h; sourceTree = "<group>"; };
		C5C287171FCCF33F005DE4E7 /* BRNewsListModel.m */ = {isa = PBXFileReference; lastKnownFileType = sourcecode.c.objc; path = BRNewsListModel.m; sourceTree = "<group>"; };
		C5C287191FCD6221005DE4E7 /* BRNewsHandler.h */ = {isa = PBXFileReference; lastKnownFileType = sourcecode.c.h; path = BRNewsHandler.h; sourceTree = "<group>"; };
		C5C2871A1FCD6221005DE4E7 /* BRNewsHandler.m */ = {isa = PBXFileReference; lastKnownFileType = sourcecode.c.objc; path = BRNewsHandler.m; sourceTree = "<group>"; };
		C5C2871F1FCD7336005DE4E7 /* NSDate+BRAdd.h */ = {isa = PBXFileReference; lastKnownFileType = sourcecode.c.h; path = "NSDate+BRAdd.h"; sourceTree = "<group>"; };
		C5C287201FCD7336005DE4E7 /* NSDate+BRAdd.m */ = {isa = PBXFileReference; lastKnownFileType = sourcecode.c.objc; path = "NSDate+BRAdd.m"; sourceTree = "<group>"; };
		C5C287221FCE49CA005DE4E7 /* newsList.json */ = {isa = PBXFileReference; lastKnownFileType = text.json; path = newsList.json; sourceTree = "<group>"; };
		C5C287241FCE61B3005DE4E7 /* BRFeedbackViewController.h */ = {isa = PBXFileReference; lastKnownFileType = sourcecode.c.h; path = BRFeedbackViewController.h; sourceTree = "<group>"; };
		C5C287251FCE61B3005DE4E7 /* BRFeedbackViewController.m */ = {isa = PBXFileReference; lastKnownFileType = sourcecode.c.objc; path = BRFeedbackViewController.m; sourceTree = "<group>"; };
		C5C287271FCE621E005DE4E7 /* BRTextView.h */ = {isa = PBXFileReference; lastKnownFileType = sourcecode.c.h; path = BRTextView.h; sourceTree = "<group>"; };
		C5C287281FCE621E005DE4E7 /* BRTextView.m */ = {isa = PBXFileReference; lastKnownFileType = sourcecode.c.objc; path = BRTextView.m; sourceTree = "<group>"; };
		C5C2872A1FCE634C005DE4E7 /* BRAboutUsViewController.h */ = {isa = PBXFileReference; lastKnownFileType = sourcecode.c.h; path = BRAboutUsViewController.h; sourceTree = "<group>"; };
		C5C2872B1FCE634C005DE4E7 /* BRAboutUsViewController.m */ = {isa = PBXFileReference; lastKnownFileType = sourcecode.c.objc; path = BRAboutUsViewController.m; sourceTree = "<group>"; };
		E40FA558D620B74354F7C4D4 /* Pods-MortgageCalculator.release.xcconfig */ = {isa = PBXFileReference; includeInIndex = 1; lastKnownFileType = text.xcconfig; name = "Pods-MortgageCalculator.release.xcconfig"; path = "Pods/Target Support Files/Pods-MortgageCalculator/Pods-MortgageCalculator.release.xcconfig"; sourceTree = "<group>"; };
/* End PBXFileReference section */

/* Begin PBXFrameworksBuildPhase section */
		C54D413A1FC5928600DECD23 /* Frameworks */ = {
			isa = PBXFrameworksBuildPhase;
			buildActionMask = 2147483647;
			files = (
				E2BC6EBA81495840BB780812 /* libPods-MortgageCalculator.a in Frameworks */,
			);
			runOnlyForDeploymentPostprocessing = 0;
		};
/* End PBXFrameworksBuildPhase section */

/* Begin PBXGroup section */
		037C88FA07BF738EA22CC271 /* Frameworks */ = {
			isa = PBXGroup;
			children = (
				052B658DF9A1BB2760BC0954 /* libPods-MortgageCalculator.a */,
			);
			name = Frameworks;
			sourceTree = "<group>";
		};
		C50C2AE31FC59BA400D23C85 /* ViewController */ = {
			isa = PBXGroup;
			children = (
				C50C2AF01FC59C7E00D23C85 /* BRHomeViewController.h */,
				C50C2AF11FC59C7E00D23C85 /* BRHomeViewController.m */,
				C5C286681FC67A57005DE4E7 /* BRBusinessLoanViewController.h */,
				C5C286691FC67A57005DE4E7 /* BRBusinessLoanViewController.m */,
				C5C2866B1FC67A8C005DE4E7 /* BRFundLoanViewController.h */,
				C5C2866C1FC67A8C005DE4E7 /* BRFundLoanViewController.m */,
				C5C2866E1FC67BF1005DE4E7 /* BRCombinedLoanViewController.h */,
				C5C2866F1FC67BF1005DE4E7 /* BRCombinedLoanViewController.m */,
				C5C286B21FC82513005DE4E7 /* BRCalculateResultViewController.h */,
				C5C286B31FC82513005DE4E7 /* BRCalculateResultViewController.m */,
			);
			path = ViewController;
			sourceTree = "<group>";
		};
		C50C2AE41FC59BB100D23C85 /* View */ = {
			isa = PBXGroup;
			children = (
				C5C2870E1FCAA7C3005DE4E7 /* BRCalculateResultCell.h */,
				C5C2870F1FCAA7C3005DE4E7 /* BRCalculateResultCell.m */,
			);
			path = View;
			sourceTree = "<group>";
		};
		C50C2AE51FC59BBA00D23C85 /* Model */ = {
			isa = PBXGroup;
			children = (
				C50C2B0A1FC65EF200D23C85 /* BRInputModel.h */,
				C50C2B0B1FC65EF200D23C85 /* BRInputModel.m */,
				C50C2B0D1FC65F0900D23C85 /* BRResultModel.h */,
				C50C2B0E1FC65F0900D23C85 /* BRResultModel.m */,
			);
			path = Model;
			sourceTree = "<group>";
		};
		C50C2AE61FC59BC300D23C85 /* Handler */ = {
			isa = PBXGroup;
			children = (
			);
			path = Handler;
			sourceTree = "<group>";
		};
		C50C2AE71FC59BD400D23C85 /* News */ = {
			isa = PBXGroup;
			children = (
				C5C286711FC67E72005DE4E7 /* Handler */,
				C5C286731FC67E72005DE4E7 /* Model */,
				C5C286721FC67E72005DE4E7 /* View */,
				C5C286741FC67E72005DE4E7 /* ViewController */,
			);
			path = News;
			sourceTree = "<group>";
		};
		C54D41341FC5928600DECD23 = {
			isa = PBXGroup;
			children = (
				C54D413F1FC5928600DECD23 /* MortgageCalculator */,
				C54D413E1FC5928600DECD23 /* Products */,
				E7E968F897B3C71A40169073 /* Pods */,
				037C88FA07BF738EA22CC271 /* Frameworks */,
			);
			sourceTree = "<group>";
		};
		C54D413E1FC5928600DECD23 /* Products */ = {
			isa = PBXGroup;
			children = (
				C54D413D1FC5928600DECD23 /* MortgageCalculator.app */,
			);
			name = Products;
			sourceTree = "<group>";
		};
		C54D413F1FC5928600DECD23 /* MortgageCalculator */ = {
			isa = PBXGroup;
			children = (
				C545F71E1FD58A6D00A271CF /* MortgageCalculator.entitlements */,
				C54D41561FC592BB00DECD23 /* Classes */,
			);
			path = MortgageCalculator;
			sourceTree = "<group>";
		};
		C54D41561FC592BB00DECD23 /* Classes */ = {
			isa = PBXGroup;
			children = (
				C54D41571FC5931800DECD23 /* AppDelegate */,
				C54D415E1FC593EC00DECD23 /* Define */,
				C54D41611FC5946100DECD23 /* Common */,
				C54D417D1FC5951900DECD23 /* Network */,
				C54D41801FC5955800DECD23 /* Modules */,
				C54D41831FC5957100DECD23 /* Utils */,
				C54D41981FC5958900DECD23 /* Resource */,
				C54D419B1FC595A300DECD23 /* Vendor */,
				C54D41A01FC595BC00DECD23 /* Other */,
			);
			path = Classes;
			sourceTree = "<group>";
		};
		C54D41571FC5931800DECD23 /* AppDelegate */ = {
			isa = PBXGroup;
			children = (
				C54D41401FC5928600DECD23 /* AppDelegate.h */,
				C54D41411FC5928600DECD23 /* AppDelegate.m */,
				C54D41581FC5937400DECD23 /* AppDelegate+Category.h */,
				C54D41591FC5937400DECD23 /* AppDelegate+Category.m */,
				C54D415B1FC593B000DECD23 /* AppDelegate+Push.h */,
				C54D415C1FC593B000DECD23 /* AppDelegate+Push.m */,
			);
			path = AppDelegate;
			sourceTree = "<group>";
		};
		C54D415E1FC593EC00DECD23 /* Define */ = {
			isa = PBXGroup;
			children = (
				C54D415F1FC5940300DECD23 /* Macros.h */,
				C54D41601FC5943200DECD23 /* APIConfig.h */,
				C50C2B081FC5A2D100D23C85 /* Singleton.h */,
			);
			path = Define;
			sourceTree = "<group>";
		};
		C54D41611FC5946100DECD23 /* Common */ = {
			isa = PBXGroup;
			children = (
				C54D41621FC5948700DECD23 /* BaseHandler.h */,
				C54D41631FC5948700DECD23 /* BaseHandler.m */,
				C54D41651FC594B700DECD23 /* BaseViewController.h */,
				C54D41661FC594B700DECD23 /* BaseViewController.m */,
				C54D416E1FC594DD00DECD23 /* BRLaunchingViewController.h */,
				C54D41681FC594DC00DECD23 /* BRLaunchingViewController.m */,
				C54D41711FC594DD00DECD23 /* BRMyViewController.h */,
				C54D41741FC594DE00DECD23 /* BRMyViewController.m */,
				C54D416A1FC594DC00DECD23 /* BRNavigationController.h */,
				C54D416C1FC594DC00DECD23 /* BRNavigationController.m */,
				C54D41691FC594DC00DECD23 /* BRTabBarButton.h */,
				C54D416D1FC594DC00DECD23 /* BRTabBarButton.m */,
				C54D41701FC594DD00DECD23 /* BRTabBarController.h */,
				C54D416F1FC594DD00DECD23 /* BRTabBarController.m */,
				C54D41721FC594DD00DECD23 /* BRWebViewController.h */,
				C54D41751FC594DE00DECD23 /* BRWebViewController.m */,
				C54D416B1FC594DC00DECD23 /* WapWebViewController.h */,
				C54D41731FC594DD00DECD23 /* WapWebViewController.m */,
			);
			path = Common;
			sourceTree = "<group>";
		};
		C54D417D1FC5951900DECD23 /* Network */ = {
			isa = PBXGroup;
			children = (
				C54D417F1FC5953000DECD23 /* HttpTool.h */,
				C54D417E1FC5953000DECD23 /* HttpTool.m */,
			);
			path = Network;
			sourceTree = "<group>";
		};
		C54D41801FC5955800DECD23 /* Modules */ = {
			isa = PBXGroup;
			children = (
				C54D41811FC5955800DECD23 /* Home */,
				C50C2AE71FC59BD400D23C85 /* News */,
				C54D41821FC5955800DECD23 /* Mine */,
			);
			path = Modules;
			sourceTree = "<group>";
		};
		C54D41811FC5955800DECD23 /* Home */ = {
			isa = PBXGroup;
			children = (
				C50C2AE61FC59BC300D23C85 /* Handler */,
				C50C2AE51FC59BBA00D23C85 /* Model */,
				C50C2AE41FC59BB100D23C85 /* View */,
				C50C2AE31FC59BA400D23C85 /* ViewController */,
			);
			path = Home;
			sourceTree = "<group>";
		};
		C54D41821FC5955800DECD23 /* Mine */ = {
			isa = PBXGroup;
			children = (
				C5C286781FC67E85005DE4E7 /* Handler */,
				C5C2867B1FC67E85005DE4E7 /* Model */,
				C5C286771FC67E85005DE4E7 /* View */,
				C5C2867C1FC67E86005DE4E7 /* ViewController */,
			);
			path = Mine;
			sourceTree = "<group>";
		};
		C54D41831FC5957100DECD23 /* Utils */ = {
			isa = PBXGroup;
			children = (
				C54D41841FC5957100DECD23 /* Category */,
				C54D41951FC5957100DECD23 /* Tools */,
			);
			path = Utils;
			sourceTree = "<group>";
		};
		C54D41841FC5957100DECD23 /* Category */ = {
			isa = PBXGroup;
			children = (
				C54D41851FC5957100DECD23 /* NSArray+BRAdd.h */,
				C54D41861FC5957100DECD23 /* NSArray+BRAdd.m */,
				C54D41871FC5957100DECD23 /* NSDictionary+BRAdd.h */,
				C54D41881FC5957100DECD23 /* NSDictionary+BRAdd.m */,
				C54D41891FC5957100DECD23 /* NSObject+Parse.h */,
				C54D418A1FC5957100DECD23 /* NSObject+Parse.m */,
				C54D418B1FC5957100DECD23 /* NSString+BRAdd.h */,
				C54D418C1FC5957100DECD23 /* NSString+BRAdd.m */,
				C54D418D1FC5957100DECD23 /* UIButton+CountDown.h */,
				C54D418E1FC5957100DECD23 /* UIButton+CountDown.m */,
				C54D418F1FC5957100DECD23 /* UIImage+BRAdd.h */,
				C54D41901FC5957100DECD23 /* UIImage+BRAdd.m */,
				C54D41911FC5957100DECD23 /* UIImageView+BRAdd.h */,
				C54D41921FC5957100DECD23 /* UIImageView+BRAdd.m */,
				C54D41931FC5957100DECD23 /* UIScrollView+Refresh.h */,
				C54D41941FC5957100DECD23 /* UIScrollView+Refresh.m */,
				C5C286911FC69ED1005DE4E7 /* UIView+BRAdd.h */,
				C5C286921FC69ED1005DE4E7 /* UIView+BRAdd.m */,
				C5C2871F1FCD7336005DE4E7 /* NSDate+BRAdd.h */,
				C5C287201FCD7336005DE4E7 /* NSDate+BRAdd.m */,
				C545F6E71FD144BF00A271CF /* NSBundle+Language.h */,
				C545F6E81FD144BF00A271CF /* NSBundle+Language.m */,
			);
			path = Category;
			sourceTree = "<group>";
		};
		C54D41951FC5957100DECD23 /* Tools */ = {
			isa = PBXGroup;
			children = (
				C54D41961FC5957100DECD23 /* BRUserHelper.h */,
				C54D41971FC5957100DECD23 /* BRUserHelper.m */,
				C50C2B101FC6609300D23C85 /* BRMortgageHelper.h */,
				C50C2B111FC6609300D23C85 /* BRMortgageHelper.m */,
			);
			path = Tools;
			sourceTree = "<group>";
		};
		C54D41981FC5958900DECD23 /* Resource */ = {
			isa = PBXGroup;
			children = (
				C545F6F91FD1743500A271CF /* fundLoanRates_en.plist */,
				C545F6FB1FD1743600A271CF /* fundLoanRates_zh-Hans.plist */,
				C545F6FA1FD1743600A271CF /* fundLoanRates_zh-Hant.plist */,
				C545F6FD1FD1743600A271CF /* loanRates_en.plist */,
				C545F6FC1FD1743600A271CF /* loanRates_zh-Hans.plist */,
				C545F6FE1FD1743600A271CF /* loanRates_zh-Hant.plist */,
				C545F6F31FD171A100A271CF /* loanTime_en.plist */,
				C545F6F51FD171A100A271CF /* loanTime_zh-Hans.plist */,
				C545F6F41FD171A100A271CF /* loanTime_zh-Hant.plist */,
				C545F7081FD1B49800A271CF /* percentage_en.plist */,
				C545F7051FD1B3C400A271CF /* percentage_zh-Hans.plist */,
				C545F7071FD1B49800A271CF /* percentage_zh-Hant.plist */,
				C54D41491FC5928600DECD23 /* Assets.xcassets */,
				C5C287221FCE49CA005DE4E7 /* newsList.json */,
				C545F6E41FD13DCD00A271CF /* InfoPlist.strings */,
				C545F6DD1FD0FDC100A271CF /* Localizable.strings */,
			);
			path = Resource;
			sourceTree = "<group>";
		};
		C54D419B1FC595A300DECD23 /* Vendor */ = {
			isa = PBXGroup;
			children = (
				C5C286941FC6A6AE005DE4E7 /* BRPickerView */,
				C54D419C1FC595A300DECD23 /* MBProgressHUD+BR */,
			);
			path = Vendor;
			sourceTree = "<group>";
		};
		C54D419C1FC595A300DECD23 /* MBProgressHUD+BR */ = {
			isa = PBXGroup;
			children = (
				C54D419D1FC595A300DECD23 /* MBProgressHUD+BR.bundle */,
				C54D419E1FC595A300DECD23 /* MBProgressHUD+BR.h */,
				C54D419F1FC595A300DECD23 /* MBProgressHUD+BR.m */,
			);
			path = "MBProgressHUD+BR";
			sourceTree = "<group>";
		};
		C54D41A01FC595BC00DECD23 /* Other */ = {
			isa = PBXGroup;
			children = (
				C54D41461FC5928600DECD23 /* Main.storyboard */,
				C54D414B1FC5928600DECD23 /* LaunchScreen.storyboard */,
				C54D41A11FC595E100DECD23 /* PrefixHeader.pch */,
				C54D414E1FC5928600DECD23 /* Info.plist */,
				C54D414F1FC5928600DECD23 /* main.m */,
			);
			path = Other;
			sourceTree = "<group>";
		};
		C5C286711FC67E72005DE4E7 /* Handler */ = {
			isa = PBXGroup;
			children = (
				C5C287191FCD6221005DE4E7 /* BRNewsHandler.h */,
				C5C2871A1FCD6221005DE4E7 /* BRNewsHandler.m */,
			);
			path = Handler;
			sourceTree = "<group>";
		};
		C5C286721FC67E72005DE4E7 /* View */ = {
			isa = PBXGroup;
			children = (
				C5C287131FCCF2F4005DE4E7 /* BRNewsListCell.h */,
				C5C287141FCCF2F4005DE4E7 /* BRNewsListCell.m */,
			);
			path = View;
			sourceTree = "<group>";
		};
		C5C286731FC67E72005DE4E7 /* Model */ = {
			isa = PBXGroup;
			children = (
				C5C287161FCCF33F005DE4E7 /* BRNewsListModel.h */,
				C5C287171FCCF33F005DE4E7 /* BRNewsListModel.m */,
			);
			path = Model;
			sourceTree = "<group>";
		};
		C5C286741FC67E72005DE4E7 /* ViewController */ = {
			isa = PBXGroup;
			children = (
				C5C286751FC67E72005DE4E7 /* BRNewsViewController.h */,
				C5C286761FC67E72005DE4E7 /* BRNewsViewController.m */,
			);
			path = ViewController;
			sourceTree = "<group>";
		};
		C5C286771FC67E85005DE4E7 /* View */ = {
			isa = PBXGroup;
			children = (
				C5C287271FCE621E005DE4E7 /* BRTextView.h */,
				C5C287281FCE621E005DE4E7 /* BRTextView.m */,
			);
			path = View;
			sourceTree = "<group>";
		};
		C5C286781FC67E85005DE4E7 /* Handler */ = {
			isa = PBXGroup;
			children = (
				C5C286791FC67E85005DE4E7 /* BRMineHandler.h */,
				C5C2867A1FC67E85005DE4E7 /* BRMineHandler.m */,
			);
			path = Handler;
			sourceTree = "<group>";
		};
		C5C2867B1FC67E85005DE4E7 /* Model */ = {
			isa = PBXGroup;
			children = (
			);
			path = Model;
			sourceTree = "<group>";
		};
		C5C2867C1FC67E86005DE4E7 /* ViewController */ = {
			isa = PBXGroup;
			children = (
				C5C286811FC67E86005DE4E7 /* BRMineViewController.h */,
				C5C286821FC67E86005DE4E7 /* BRMineViewController.m */,
				C545F71B1FD4F18100A271CF /* BRLanguageViewController.h */,
				C545F71C1FD4F18100A271CF /* BRLanguageViewController.m */,
				C5C2867F1FC67E86005DE4E7 /* BRLoginViewController.h */,
				C5C286801FC67E86005DE4E7 /* BRLoginViewController.m */,
				C5C286831FC67E86005DE4E7 /* BRRegisterViewController.h */,
				C5C286841FC67E86005DE4E7 /* BRRegisterViewController.m */,
				C5C2867D1FC67E86005DE4E7 /* BRForgetPwdViewController.h */,
				C5C2867E1FC67E86005DE4E7 /* BRForgetPwdViewController.m */,
				C5C286851FC67E86005DE4E7 /* BRResetPwdViewController.h */,
				C5C286861FC67E86005DE4E7 /* BRResetPwdViewController.m */,
				C5C287241FCE61B3005DE4E7 /* BRFeedbackViewController.h */,
				C5C287251FCE61B3005DE4E7 /* BRFeedbackViewController.m */,
				C5C2872A1FCE634C005DE4E7 /* BRAboutUsViewController.h */,
				C5C2872B1FCE634C005DE4E7 /* BRAboutUsViewController.m */,
			);
			path = ViewController;
			sourceTree = "<group>";
		};
		C5C286941FC6A6AE005DE4E7 /* BRPickerView */ = {
			isa = PBXGroup;
			children = (
				C5C286951FC6A6AE005DE4E7 /* AddressPickerView */,
				C5C2869B1FC6A6AE005DE4E7 /* Base */,
				C5C2869E1FC6A6AE005DE4E7 /* BRPickerView.h */,
				C5C2869F1FC6A6AE005DE4E7 /* DatePickerView */,
				C5C286A21FC6A6AE005DE4E7 /* StringPickerView */,
			);
			path = BRPickerView;
			sourceTree = "<group>";
		};
		C5C286951FC6A6AE005DE4E7 /* AddressPickerView */ = {
			isa = PBXGroup;
			children = (
				C5C286961FC6A6AE005DE4E7 /* BRAddressModel.h */,
				C5C286971FC6A6AE005DE4E7 /* BRAddressModel.m */,
				C5C286981FC6A6AE005DE4E7 /* BRAddressPickerView.h */,
				C5C286991FC6A6AE005DE4E7 /* BRAddressPickerView.m */,
				C5C2869A1FC6A6AE005DE4E7 /* BRCity.plist */,
			);
			path = AddressPickerView;
			sourceTree = "<group>";
		};
		C5C2869B1FC6A6AE005DE4E7 /* Base */ = {
			isa = PBXGroup;
			children = (
				C5C2869C1FC6A6AE005DE4E7 /* BRBaseView.h */,
				C5C2869D1FC6A6AE005DE4E7 /* BRBaseView.m */,
			);
			path = Base;
			sourceTree = "<group>";
		};
		C5C2869F1FC6A6AE005DE4E7 /* DatePickerView */ = {
			isa = PBXGroup;
			children = (
				C5C286A01FC6A6AE005DE4E7 /* BRDatePickerView.h */,
				C5C286A11FC6A6AE005DE4E7 /* BRDatePickerView.m */,
			);
			path = DatePickerView;
			sourceTree = "<group>";
		};
		C5C286A21FC6A6AE005DE4E7 /* StringPickerView */ = {
			isa = PBXGroup;
			children = (
				C5C286A31FC6A6AE005DE4E7 /* BRStringPickerView.h */,
				C5C286A41FC6A6AE005DE4E7 /* BRStringPickerView.m */,
			);
			path = StringPickerView;
			sourceTree = "<group>";
		};
		E7E968F897B3C71A40169073 /* Pods */ = {
			isa = PBXGroup;
			children = (
				A5385C71D36DD70022BD1294 /* Pods-MortgageCalculator.debug.xcconfig */,
				E40FA558D620B74354F7C4D4 /* Pods-MortgageCalculator.release.xcconfig */,
			);
			name = Pods;
			sourceTree = "<group>";
		};
/* End PBXGroup section */

/* Begin PBXNativeTarget section */
		C54D413C1FC5928600DECD23 /* MortgageCalculator */ = {
			isa = PBXNativeTarget;
			buildConfigurationList = C54D41531FC5928600DECD23 /* Build configuration list for PBXNativeTarget "MortgageCalculator" */;
			buildPhases = (
				3D087E6E5B868E7958618766 /* [CP] Check Pods Manifest.lock */,
				C54D41391FC5928600DECD23 /* Sources */,
				C54D413A1FC5928600DECD23 /* Frameworks */,
				C54D413B1FC5928600DECD23 /* Resources */,
				3394A4D69FB37165BFD9BB66 /* [CP] Embed Pods Frameworks */,
				028475EAD5061310EE1ACDDF /* [CP] Copy Pods Resources */,
			);
			buildRules = (
			);
			dependencies = (
			);
			name = MortgageCalculator;
			productName = MortgageCalculator;
			productReference = C54D413D1FC5928600DECD23 /* MortgageCalculator.app */;
			productType = "com.apple.product-type.application";
		};
/* End PBXNativeTarget section */

/* Begin PBXProject section */
		C54D41351FC5928600DECD23 /* Project object */ = {
			isa = PBXProject;
			attributes = {
				LastUpgradeCheck = 0900;
				ORGANIZATIONNAME = apple;
				TargetAttributes = {
					C54D413C1FC5928600DECD23 = {
						CreatedOnToolsVersion = 9.0;
						ProvisioningStyle = Automatic;
						SystemCapabilities = {
							com.apple.Push = {
								enabled = 1;
							};
						};
					};
				};
			};
			buildConfigurationList = C54D41381FC5928600DECD23 /* Build configuration list for PBXProject "MortgageCalculator" */;
			compatibilityVersion = "Xcode 8.0";
			developmentRegion = en;
			hasScannedForEncodings = 0;
			knownRegions = (
				en,
				Base,
				"zh-Hans",
				"zh-Hant",
				ja,
				ko,
				fr,
				ru,
				es,
			);
			mainGroup = C54D41341FC5928600DECD23;
			productRefGroup = C54D413E1FC5928600DECD23 /* Products */;
			projectDirPath = "";
			projectRoot = "";
			targets = (
				C54D413C1FC5928600DECD23 /* MortgageCalculator */,
			);
		};
/* End PBXProject section */

/* Begin PBXResourcesBuildPhase section */
		C54D413B1FC5928600DECD23 /* Resources */ = {
			isa = PBXResourcesBuildPhase;
			buildActionMask = 2147483647;
			files = (
				C545F6FF1FD1743600A271CF /* fundLoanRates_en.plist in Resources */,
				C545F7041FD1743600A271CF /* loanRates_zh-Hant.plist in Resources */,
				C545F6F81FD171A100A271CF /* loanTime_zh-Hans.plist in Resources */,
				C545F6F61FD171A100A271CF /* loanTime_en.plist in Resources */,
				C545F7001FD1743600A271CF /* fundLoanRates_zh-Hant.plist in Resources */,
				C545F7021FD1743600A271CF /* loanRates_zh-Hans.plist in Resources */,
				C545F7091FD1B49800A271CF /* percentage_zh-Hant.plist in Resources */,
				C545F7031FD1743600A271CF /* loanRates_en.plist in Resources */,
				C54D414D1FC5928600DECD23 /* LaunchScreen.storyboard in Resources */,
				C545F70A1FD1B49800A271CF /* percentage_en.plist in Resources */,
				C545F7061FD1B3C400A271CF /* percentage_zh-Hans.plist in Resources */,
				C54D414A1FC5928600DECD23 /* Assets.xcassets in Resources */,
				C545F6DB1FD0FDC100A271CF /* Localizable.strings in Resources */,
				C54D41481FC5928600DECD23 /* Main.storyboard in Resources */,
				C545F6E21FD13DCD00A271CF /* InfoPlist.strings in Resources */,
				C545F6F71FD171A100A271CF /* loanTime_zh-Hant.plist in Resources */,
				C5C287231FCE49CA005DE4E7 /* newsList.json in Resources */,
				C545F7011FD1743600A271CF /* fundLoanRates_zh-Hans.plist in Resources */,
			);
			runOnlyForDeploymentPostprocessing = 0;
		};
/* End PBXResourcesBuildPhase section */

/* Begin PBXShellScriptBuildPhase section */
		028475EAD5061310EE1ACDDF /* [CP] Copy Pods Resources */ = {
			isa = PBXShellScriptBuildPhase;
			buildActionMask = 2147483647;
			files = (
			);
			inputPaths = (
				"${SRCROOT}/Pods/Target Support Files/Pods-MortgageCalculator/Pods-MortgageCalculator-resources.sh",
				"${PODS_ROOT}/IQKeyboardManager/IQKeyboardManager/Resources/IQKeyboardManager.bundle",
				"${PODS_ROOT}/MJRefresh/MJRefresh/MJRefresh.bundle",
			);
			name = "[CP] Copy Pods Resources";
			outputPaths = (
				"${TARGET_BUILD_DIR}/${UNLOCALIZED_RESOURCES_FOLDER_PATH}",
			);
			runOnlyForDeploymentPostprocessing = 0;
			shellPath = /bin/sh;
			shellScript = "\"${SRCROOT}/Pods/Target Support Files/Pods-MortgageCalculator/Pods-MortgageCalculator-resources.sh\"\n";
			showEnvVarsInLog = 0;
		};
		3394A4D69FB37165BFD9BB66 /* [CP] Embed Pods Frameworks */ = {
			isa = PBXShellScriptBuildPhase;
			buildActionMask = 2147483647;
			files = (
			);
			inputPaths = (
			);
			name = "[CP] Embed Pods Frameworks";
			outputPaths = (
			);
			runOnlyForDeploymentPostprocessing = 0;
			shellPath = /bin/sh;
			shellScript = "\"${SRCROOT}/Pods/Target Support Files/Pods-MortgageCalculator/Pods-MortgageCalculator-frameworks.sh\"\n";
			showEnvVarsInLog = 0;
		};
		3D087E6E5B868E7958618766 /* [CP] Check Pods Manifest.lock */ = {
			isa = PBXShellScriptBuildPhase;
			buildActionMask = 2147483647;
			files = (
			);
			inputPaths = (
				"${PODS_PODFILE_DIR_PATH}/Podfile.lock",
				"${PODS_ROOT}/Manifest.lock",
			);
			name = "[CP] Check Pods Manifest.lock";
			outputPaths = (
				"$(DERIVED_FILE_DIR)/Pods-MortgageCalculator-checkManifestLockResult.txt",
			);
			runOnlyForDeploymentPostprocessing = 0;
			shellPath = /bin/sh;
			shellScript = "diff \"${PODS_PODFILE_DIR_PATH}/Podfile.lock\" \"${PODS_ROOT}/Manifest.lock\" > /dev/null\nif [ $? != 0 ] ; then\n    # print error to STDERR\n    echo \"error: The sandbox is not in sync with the Podfile.lock. Run 'pod install' or update your CocoaPods installation.\" >&2\n    exit 1\nfi\n# This output is used by Xcode 'outputs' to avoid re-running this script phase.\necho \"SUCCESS\" > \"${SCRIPT_OUTPUT_FILE_0}\"\n";
			showEnvVarsInLog = 0;
		};
/* End PBXShellScriptBuildPhase section */

/* Begin PBXSourcesBuildPhase section */
		C54D41391FC5928600DECD23 /* Sources */ = {
			isa = PBXSourcesBuildPhase;
			buildActionMask = 2147483647;
			files = (
				C5C286A51FC6A6CD005DE4E7 /* BRAddressModel.m in Sources */,
				C5C286A61FC6A6CD005DE4E7 /* BRAddressPickerView.m in Sources */,
				C5C2872C1FCE634C005DE4E7 /* BRAboutUsViewController.m in Sources */,
				C5C286A71FC6A6CD005DE4E7 /* BRBaseView.m in Sources */,
				C5C286A81FC6A6CD005DE4E7 /* BRDatePickerView.m in Sources */,
				C5C286A91FC6A6CD005DE4E7 /* BRStringPickerView.m in Sources */,
				C5C286871FC67F23005DE4E7 /* BRNewsViewController.m in Sources */,
				C5C286881FC67F23005DE4E7 /* BRMineHandler.m in Sources */,
				C5C286891FC67F23005DE4E7 /* BRForgetPwdViewController.m in Sources */,
				C5C2868A1FC67F23005DE4E7 /* BRLoginViewController.m in Sources */,
				C5C2868B1FC67F23005DE4E7 /* BRMineViewController.m in Sources */,
				C5C2868C1FC67F23005DE4E7 /* BRRegisterViewController.m in Sources */,
				C5C2868D1FC67F23005DE4E7 /* BRResetPwdViewController.m in Sources */,
				C50C2B0F1FC65F0900D23C85 /* BRResultModel.m in Sources */,
				C50C2AD81FC5980E00D23C85 /* HttpTool.m in Sources */,
				C50C2AD91FC5980E00D23C85 /* NSArray+BRAdd.m in Sources */,
				C50C2ADA1FC5980E00D23C85 /* NSDictionary+BRAdd.m in Sources */,
				C5C287261FCE61B3005DE4E7 /* BRFeedbackViewController.m in Sources */,
				C50C2ADB1FC5980E00D23C85 /* NSObject+Parse.m in Sources */,
				C50C2ADC1FC5980E00D23C85 /* NSString+BRAdd.m in Sources */,
				C50C2ADD1FC5980E00D23C85 /* UIButton+CountDown.m in Sources */,
				C50C2B0C1FC65EF200D23C85 /* BRInputModel.m in Sources */,
				C5C2871B1FCD6221005DE4E7 /* BRNewsHandler.m in Sources */,
				C50C2ADE1FC5980E00D23C85 /* UIImage+BRAdd.m in Sources */,
				C5C287291FCE621E005DE4E7 /* BRTextView.m in Sources */,
				C5C287151FCCF2F4005DE4E7 /* BRNewsListCell.m in Sources */,
				C50C2ADF1FC5980E00D23C85 /* UIImageView+BRAdd.m in Sources */,
				C5C286931FC69ED1005DE4E7 /* UIView+BRAdd.m in Sources */,
				C50C2AE01FC5980E00D23C85 /* UIScrollView+Refresh.m in Sources */,
				C50C2AE11FC5980E00D23C85 /* BRUserHelper.m in Sources */,
				C50C2AE21FC5980E00D23C85 /* MBProgressHUD+BR.m in Sources */,
				C54D417B1FC594DE00DECD23 /* BRMyViewController.m in Sources */,
				C54D41501FC5928600DECD23 /* main.m in Sources */,
				C50C2B121FC6609300D23C85 /* BRMortgageHelper.m in Sources */,
				C5C286B41FC82513005DE4E7 /* BRCalculateResultViewController.m in Sources */,
				C545F71D1FD4F18100A271CF /* BRLanguageViewController.m in Sources */,
				C5C2866A1FC67A57005DE4E7 /* BRBusinessLoanViewController.m in Sources */,
				C5C286701FC67BF1005DE4E7 /* BRCombinedLoanViewController.m in Sources */,
				C54D417C1FC594DE00DECD23 /* BRWebViewController.m in Sources */,
				C545F6E91FD144BF00A271CF /* NSBundle+Language.m in Sources */,
				C54D41761FC594DE00DECD23 /* BRLaunchingViewController.m in Sources */,
				C54D415A1FC5937400DECD23 /* AppDelegate+Category.m in Sources */,
				C54D41641FC5948700DECD23 /* BaseHandler.m in Sources */,
				C5C2866D1FC67A8C005DE4E7 /* BRFundLoanViewController.m in Sources */,
				C5C287101FCAA7C3005DE4E7 /* BRCalculateResultCell.m in Sources */,
				C54D41421FC5928600DECD23 /* AppDelegate.m in Sources */,
				C54D417A1FC594DE00DECD23 /* WapWebViewController.m in Sources */,
				C54D41671FC594B700DECD23 /* BaseViewController.m in Sources */,
				C5C287181FCCF33F005DE4E7 /* BRNewsListModel.m in Sources */,
				C50C2AF21FC59C7E00D23C85 /* BRHomeViewController.m in Sources */,
				C54D415D1FC593B000DECD23 /* AppDelegate+Push.m in Sources */,
				C54D41771FC594DE00DECD23 /* BRNavigationController.m in Sources */,
				C54D41791FC594DE00DECD23 /* BRTabBarController.m in Sources */,
				C54D41781FC594DE00DECD23 /* BRTabBarButton.m in Sources */,
				C5C287211FCD7336005DE4E7 /* NSDate+BRAdd.m in Sources */,
			);
			runOnlyForDeploymentPostprocessing = 0;
		};
/* End PBXSourcesBuildPhase section */

/* Begin PBXVariantGroup section */
		C545F6DD1FD0FDC100A271CF /* Localizable.strings */ = {
			isa = PBXVariantGroup;
			children = (
				C545F6DC1FD0FDC100A271CF /* en */,
				C545F6DE1FD0FDC900A271CF /* zh-Hans */,
				C545F6DF1FD0FDCC00A271CF /* zh-Hant */,
				C545F7101FD4DD3C00A271CF /* fr */,
				C545F7141FD4DD7300A271CF /* ru */,
				C545F7181FD4DD9700A271CF /* es */,
				C545F7191FD4DDDA00A271CF /* ja */,
				C545F71A1FD4DDDC00A271CF /* ko */,
			);
			name = Localizable.strings;
			sourceTree = "<group>";
		};
		C545F6E41FD13DCD00A271CF /* InfoPlist.strings */ = {
			isa = PBXVariantGroup;
			children = (
				C545F6E31FD13DCD00A271CF /* en */,
				C545F6E51FD13DD300A271CF /* zh-Hans */,
				C545F6E61FD13DD700A271CF /* zh-Hant */,
				C545F70B1FD4DA9200A271CF /* ja */,
				C545F70C1FD4DA9400A271CF /* ko */,
				C545F70F1FD4DD3C00A271CF /* fr */,
				C545F7131FD4DD7300A271CF /* ru */,
				C545F7171FD4DD9700A271CF /* es */,
			);
			name = InfoPlist.strings;
			sourceTree = "<group>";
		};
		C54D41461FC5928600DECD23 /* Main.storyboard */ = {
			isa = PBXVariantGroup;
			children = (
				C54D41471FC5928600DECD23 /* Base */,
				C52F817D1FCFFF47002D9ED3 /* zh-Hans */,
				C52F817F1FCFFF69002D9ED3 /* ja */,
				C52F81811FCFFF89002D9ED3 /* ko */,
				C52F81831FD00768002D9ED3 /* zh-Hant */,
				C545F70D1FD4DD3B00A271CF /* fr */,
				C545F7111FD4DD7300A271CF /* ru */,
				C545F7151FD4DD9700A271CF /* es */,
			);
			name = Main.storyboard;
			sourceTree = "<group>";
		};
		C54D414B1FC5928600DECD23 /* LaunchScreen.storyboard */ = {
			isa = PBXVariantGroup;
			children = (
				C54D414C1FC5928600DECD23 /* Base */,
				C52F817E1FCFFF47002D9ED3 /* zh-Hans */,
				C52F81801FCFFF6A002D9ED3 /* ja */,
				C52F81821FCFFF89002D9ED3 /* ko */,
				C52F81841FD00768002D9ED3 /* zh-Hant */,
				C545F70E1FD4DD3B00A271CF /* fr */,
				C545F7121FD4DD7300A271CF /* ru */,
				C545F7161FD4DD9700A271CF /* es */,
			);
			name = LaunchScreen.storyboard;
			sourceTree = "<group>";
		};
/* End PBXVariantGroup section */

/* Begin XCBuildConfiguration section */
		C54D41511FC5928600DECD23 /* Debug */ = {
			isa = XCBuildConfiguration;
			buildSettings = {
				ALWAYS_SEARCH_USER_PATHS = NO;
				CLANG_ANALYZER_LOCALIZABILITY_NONLOCALIZED = YES;
				CLANG_ANALYZER_NONNULL = YES;
				CLANG_ANALYZER_NUMBER_OBJECT_CONVERSION = YES_AGGRESSIVE;
				CLANG_CXX_LANGUAGE_STANDARD = "gnu++14";
				CLANG_CXX_LIBRARY = "libc++";
				CLANG_ENABLE_MODULES = YES;
				CLANG_ENABLE_OBJC_ARC = YES;
				CLANG_WARN_BLOCK_CAPTURE_AUTORELEASING = YES;
				CLANG_WARN_BOOL_CONVERSION = YES;
				CLANG_WARN_COMMA = YES;
				CLANG_WARN_CONSTANT_CONVERSION = YES;
				CLANG_WARN_DIRECT_OBJC_ISA_USAGE = YES_ERROR;
				CLANG_WARN_DOCUMENTATION_COMMENTS = YES;
				CLANG_WARN_EMPTY_BODY = YES;
				CLANG_WARN_ENUM_CONVERSION = YES;
				CLANG_WARN_INFINITE_RECURSION = YES;
				CLANG_WARN_INT_CONVERSION = YES;
				CLANG_WARN_NON_LITERAL_NULL_CONVERSION = YES;
				CLANG_WARN_OBJC_LITERAL_CONVERSION = YES;
				CLANG_WARN_OBJC_ROOT_CLASS = YES_ERROR;
				CLANG_WARN_RANGE_LOOP_ANALYSIS = YES;
				CLANG_WARN_STRICT_PROTOTYPES = YES;
				CLANG_WARN_SUSPICIOUS_MOVE = YES;
				CLANG_WARN_UNGUARDED_AVAILABILITY = YES_AGGRESSIVE;
				CLANG_WARN_UNREACHABLE_CODE = YES;
				CLANG_WARN__DUPLICATE_METHOD_MATCH = YES;
				CODE_SIGN_IDENTITY = "iPhone Developer";
				COPY_PHASE_STRIP = NO;
				DEBUG_INFORMATION_FORMAT = dwarf;
				ENABLE_STRICT_OBJC_MSGSEND = YES;
				ENABLE_TESTABILITY = YES;
				GCC_C_LANGUAGE_STANDARD = gnu11;
				GCC_DYNAMIC_NO_PIC = NO;
				GCC_NO_COMMON_BLOCKS = YES;
				GCC_OPTIMIZATION_LEVEL = 0;
				GCC_PREPROCESSOR_DEFINITIONS = (
					"DEBUG=1",
					"$(inherited)",
				);
				GCC_WARN_64_TO_32_BIT_CONVERSION = YES;
				GCC_WARN_ABOUT_RETURN_TYPE = YES_ERROR;
				GCC_WARN_UNDECLARED_SELECTOR = YES;
				GCC_WARN_UNINITIALIZED_AUTOS = YES_AGGRESSIVE;
				GCC_WARN_UNUSED_FUNCTION = YES;
				GCC_WARN_UNUSED_VARIABLE = YES;
				IPHONEOS_DEPLOYMENT_TARGET = 11.0;
				MTL_ENABLE_DEBUG_INFO = YES;
				ONLY_ACTIVE_ARCH = YES;
				SDKROOT = iphoneos;
			};
			name = Debug;
		};
		C54D41521FC5928600DECD23 /* Release */ = {
			isa = XCBuildConfiguration;
			buildSettings = {
				ALWAYS_SEARCH_USER_PATHS = NO;
				CLANG_ANALYZER_LOCALIZABILITY_NONLOCALIZED = YES;
				CLANG_ANALYZER_NONNULL = YES;
				CLANG_ANALYZER_NUMBER_OBJECT_CONVERSION = YES_AGGRESSIVE;
				CLANG_CXX_LANGUAGE_STANDARD = "gnu++14";
				CLANG_CXX_LIBRARY = "libc++";
				CLANG_ENABLE_MODULES = YES;
				CLANG_ENABLE_OBJC_ARC = YES;
				CLANG_WARN_BLOCK_CAPTURE_AUTORELEASING = YES;
				CLANG_WARN_BOOL_CONVERSION = YES;
				CLANG_WARN_COMMA = YES;
				CLANG_WARN_CONSTANT_CONVERSION = YES;
				CLANG_WARN_DIRECT_OBJC_ISA_USAGE = YES_ERROR;
				CLANG_WARN_DOCUMENTATION_COMMENTS = YES;
				CLANG_WARN_EMPTY_BODY = YES;
				CLANG_WARN_ENUM_CONVERSION = YES;
				CLANG_WARN_INFINITE_RECURSION = YES;
				CLANG_WARN_INT_CONVERSION = YES;
				CLANG_WARN_NON_LITERAL_NULL_CONVERSION = YES;
				CLANG_WARN_OBJC_LITERAL_CONVERSION = YES;
				CLANG_WARN_OBJC_ROOT_CLASS = YES_ERROR;
				CLANG_WARN_RANGE_LOOP_ANALYSIS = YES;
				CLANG_WARN_STRICT_PROTOTYPES = YES;
				CLANG_WARN_SUSPICIOUS_MOVE = YES;
				CLANG_WARN_UNGUARDED_AVAILABILITY = YES_AGGRESSIVE;
				CLANG_WARN_UNREACHABLE_CODE = YES;
				CLANG_WARN__DUPLICATE_METHOD_MATCH = YES;
				CODE_SIGN_IDENTITY = "iPhone Developer";
				COPY_PHASE_STRIP = NO;
				DEBUG_INFORMATION_FORMAT = "dwarf-with-dsym";
				ENABLE_NS_ASSERTIONS = NO;
				ENABLE_STRICT_OBJC_MSGSEND = YES;
				GCC_C_LANGUAGE_STANDARD = gnu11;
				GCC_NO_COMMON_BLOCKS = YES;
				GCC_WARN_64_TO_32_BIT_CONVERSION = YES;
				GCC_WARN_ABOUT_RETURN_TYPE = YES_ERROR;
				GCC_WARN_UNDECLARED_SELECTOR = YES;
				GCC_WARN_UNINITIALIZED_AUTOS = YES_AGGRESSIVE;
				GCC_WARN_UNUSED_FUNCTION = YES;
				GCC_WARN_UNUSED_VARIABLE = YES;
				IPHONEOS_DEPLOYMENT_TARGET = 11.0;
				MTL_ENABLE_DEBUG_INFO = NO;
				SDKROOT = iphoneos;
				VALIDATE_PRODUCT = YES;
			};
			name = Release;
		};
		C54D41541FC5928600DECD23 /* Debug */ = {
			isa = XCBuildConfiguration;
			baseConfigurationReference = A5385C71D36DD70022BD1294 /* Pods-MortgageCalculator.debug.xcconfig */;
			buildSettings = {
				ASSETCATALOG_COMPILER_APPICON_NAME = AppIcon;
				ASSETCATALOG_COMPILER_LAUNCHIMAGE_NAME = LaunchImage;
				CODE_SIGN_ENTITLEMENTS = MortgageCalculator/MortgageCalculator.entitlements;
				"CODE_SIGN_IDENTITY[sdk=iphoneos*]" = "iPhone Developer";
				CODE_SIGN_STYLE = Automatic;
				DEVELOPMENT_TEAM = W76HNZUJGJ;
				GCC_PREFIX_HEADER = "$(SRCROOT)/MortgageCalculator/Classes/Other/PrefixHeader.pch";
				INFOPLIST_FILE = "$(SRCROOT)/MortgageCalculator/Classes/Other/Info.plist";
				IPHONEOS_DEPLOYMENT_TARGET = 8.0;
				LD_RUNPATH_SEARCH_PATHS = "$(inherited) @executable_path/Frameworks";
				PRODUCT_BUNDLE_IDENTIFIER = com.focus.br.MortgageCalculator;
				PRODUCT_NAME = "$(TARGET_NAME)";
				PROVISIONING_PROFILE_SPECIFIER = "";
				TARGETED_DEVICE_FAMILY = 1;
			};
			name = Debug;
		};
		C54D41551FC5928600DECD23 /* Release */ = {
			isa = XCBuildConfiguration;
			baseConfigurationReference = E40FA558D620B74354F7C4D4 /* Pods-MortgageCalculator.release.xcconfig */;
			buildSettings = {
				ASSETCATALOG_COMPILER_APPICON_NAME = AppIcon;
				ASSETCATALOG_COMPILER_LAUNCHIMAGE_NAME = LaunchImage;
				CODE_SIGN_ENTITLEMENTS = MortgageCalculator/MortgageCalculator.entitlements;
				"CODE_SIGN_IDENTITY[sdk=iphoneos*]" = "iPhone Developer";
				CODE_SIGN_STYLE = Automatic;
				DEVELOPMENT_TEAM = W76HNZUJGJ;
				GCC_PREFIX_HEADER = "$(SRCROOT)/MortgageCalculator/Classes/Other/PrefixHeader.pch";
				INFOPLIST_FILE = "$(SRCROOT)/MortgageCalculator/Classes/Other/Info.plist";
				IPHONEOS_DEPLOYMENT_TARGET = 8.0;
				LD_RUNPATH_SEARCH_PATHS = "$(inherited) @executable_path/Frameworks";
				PRODUCT_BUNDLE_IDENTIFIER = com.focus.br.MortgageCalculator;
				PRODUCT_NAME = "$(TARGET_NAME)";
				PROVISIONING_PROFILE_SPECIFIER = "";
				TARGETED_DEVICE_FAMILY = 1;
			};
			name = Release;
		};
/* End XCBuildConfiguration section */

/* Begin XCConfigurationList section */
		C54D41381FC5928600DECD23 /* Build configuration list for PBXProject "MortgageCalculator" */ = {
			isa = XCConfigurationList;
			buildConfigurations = (
				C54D41511FC5928600DECD23 /* Debug */,
				C54D41521FC5928600DECD23 /* Release */,
			);
			defaultConfigurationIsVisible = 0;
			defaultConfigurationName = Release;
		};
		C54D41531FC5928600DECD23 /* Build configuration list for PBXNativeTarget "MortgageCalculator" */ = {
			isa = XCConfigurationList;
			buildConfigurations = (
				C54D41541FC5928600DECD23 /* Debug */,
				C54D41551FC5928600DECD23 /* Release */,
			);
			defaultConfigurationIsVisible = 0;
			defaultConfigurationName = Release;
		};
/* End XCConfigurationList section */
	};
	rootObject = C54D41351FC5928600DECD23 /* Project object */;
}
